
Microsoft Visual Studio Solution File, Format Version 12.00
# Visual Studio Version 16
VisualStudioVersion = 16.0.33801.447
MinimumVisualStudioVersion = 10.0.40219.1
Project("{FAE04EC0-301F-11D3-BF4B-00C04F79EFBC}") = "QLSV_HTC", "QLSV_HTC\QLSV_HTC.csproj", "{9114062B-B309-4377-9928-D83875ACBFED}"
EndProject
Global
	GlobalSection(SolutionConfigurationPlatforms) = preSolution
		Debug|Any CPU = Debug|Any CPU
		Release|Any CPU = Release|Any CPU
	EndGlobalSection
	GlobalSection(ProjectConfigurationPlatforms) = postSolution
		{9114062B-B309-4377-9928-D83875ACBFED}.Debug|Any CPU.ActiveCfg = Debug|Any CPU
		{9114062B-B309-4377-9928-D83875ACBFED}.Debug|Any CPU.Build.0 = Debug|Any CPU
		{9114062B-B309-4377-9928-D83875ACBFED}.Release|Any CPU.ActiveCfg = Release|Any CPU
		{9114062B-B309-4377-9928-D83875ACBFED}.Release|Any CPU.Build.0 = Release|Any CPU
	EndGlobalSection
	GlobalSection(SolutionProperties) = preSolution
		HideSolutionNode = FALSE
	EndGlobalSection
	GlobalSection(ExtensibilityGlobals) = postSolution
		SolutionGuid = {A0E7B98D-80E2-47AD-A088-F589EB26C67D}
	EndGlobalSection
EndGlobal
